
Microsoft Visual Studio Solution File, Format Version 12.00
# Visual Studio Version 17
VisualStudioVersion = 17.5.33424.131
MinimumVisualStudioVersion = 10.0.40219.1
Project("{FAE04EC0-301F-11D3-BF4B-00C04F79EFBC}") = "SpellCastingService", "SpellCastingService\SpellCastingService.csproj", "{425A9DCF-C8D7-422B-AA17-711C3554DD3F}"
EndProject
Project("{2150E333-8FDC-42A3-9474-1A3956D46DE8}") = "Solution Items", "Solution Items", "{497C66EF-2010-496A-B33A-C70B4E5C0BBB}"
	ProjectSection(SolutionItems) = preProject
		SpellCasting.proto = SpellCasting.proto
	EndProjectSection
EndProject
Project("{FAE04EC0-301F-11D3-BF4B-00C04F79EFBC}") = "SpellCastingWorker", "SpellCastingClient\SpellCastingWorker.csproj", "{986FF1BA-3619-4D14-A61F-48F0872BB994}"
EndProject
Project("{FAE04EC0-301F-11D3-BF4B-00C04F79EFBC}") = "WizardLibrary", "WizardLibrary\WizardLibrary.csproj", "{93A6747E-754A-4815-A8FA-247ACC55E10A}"
EndProject
Global
	GlobalSection(SolutionConfigurationPlatforms) = preSolution
		Debug|Any CPU = Debug|Any CPU
		Release|Any CPU = Release|Any CPU
	EndGlobalSection
	GlobalSection(ProjectConfigurationPlatforms) = postSolution
		{425A9DCF-C8D7-422B-AA17-711C3554DD3F}.Debug|Any CPU.ActiveCfg = Debug|Any CPU
		{425A9DCF-C8D7-422B-AA17-711C3554DD3F}.Debug|Any CPU.Build.0 = Debug|Any CPU
		{425A9DCF-C8D7-422B-AA17-711C3554DD3F}.Release|Any CPU.ActiveCfg = Release|Any CPU
		{425A9DCF-C8D7-422B-AA17-711C3554DD3F}.Release|Any CPU.Build.0 = Release|Any CPU
		{986FF1BA-3619-4D14-A61F-48F0872BB994}.Debug|Any CPU.ActiveCfg = Debug|Any CPU
		{986FF1BA-3619-4D14-A61F-48F0872BB994}.Debug|Any CPU.Build.0 = Debug|Any CPU
		{986FF1BA-3619-4D14-A61F-48F0872BB994}.Release|Any CPU.ActiveCfg = Release|Any CPU
		{986FF1BA-3619-4D14-A61F-48F0872BB994}.Release|Any CPU.Build.0 = Release|Any CPU
		{93A6747E-754A-4815-A8FA-247ACC55E10A}.Debug|Any CPU.ActiveCfg = Debug|Any CPU
		{93A6747E-754A-4815-A8FA-247ACC55E10A}.Debug|Any CPU.Build.0 = Debug|Any CPU
		{93A6747E-754A-4815-A8FA-247ACC55E10A}.Release|Any CPU.ActiveCfg = Release|Any CPU
		{93A6747E-754A-4815-A8FA-247ACC55E10A}.Release|Any CPU.Build.0 = Release|Any CPU
	EndGlobalSection
	GlobalSection(SolutionProperties) = preSolution
		HideSolutionNode = FALSE
	EndGlobalSection
	GlobalSection(ExtensibilityGlobals) = postSolution
		SolutionGuid = {B0A2807F-7234-4273-A422-C50943D6D927}
	EndGlobalSection
EndGlobal
